// !$*UTF8*$!
{
	archiveVersion = 1;
	classes = {
	};
	objectVersion = 56;
	objects = {

/* Begin PBXBuildFile section */
		D72AB54429E6CEE6006658AF /* CreateNewPost.swift in Sources */ = {isa = PBXBuildFile; fileRef = D72AB54329E6CEE6006658AF /* CreateNewPost.swift */; };
		D72AB54629E6CF58006658AF /* Post.swift in Sources */ = {isa = PBXBuildFile; fileRef = D72AB54529E6CF58006658AF /* Post.swift */; };
		D72AB54829E7B939006658AF /* PostsView.swift in Sources */ = {isa = PBXBuildFile; fileRef = D72AB54729E7B939006658AF /* PostsView.swift */; };
		D72AB54A29E82C56006658AF /* ReusablePostsView.swift in Sources */ = {isa = PBXBuildFile; fileRef = D72AB54929E82C56006658AF /* ReusablePostsView.swift */; };
		D72AB54C29E8374E006658AF /* PostCardView.swift in Sources */ = {isa = PBXBuildFile; fileRef = D72AB54B29E8374E006658AF /* PostCardView.swift */; };
		D76DF51829D194B0007EBCDE /* ReusableProfileContent.swift in Sources */ = {isa = PBXBuildFile; fileRef = D76DF51729D194B0007EBCDE /* ReusableProfileContent.swift */; };
		D76DF51B29D198B8007EBCDE /* SDWebImageSwiftUI in Frameworks */ = {isa = PBXBuildFile; productRef = D76DF51A29D198B8007EBCDE /* SDWebImageSwiftUI */; };
		D78AC9A9296DE6EC008DDDCB /* SkyUApp.swift in Sources */ = {isa = PBXBuildFile; fileRef = D78AC9A8296DE6EC008DDDCB /* SkyUApp.swift */; };
		D78AC9AB296DE6EC008DDDCB /* ContentView.swift in Sources */ = {isa = PBXBuildFile; fileRef = D78AC9AA296DE6EC008DDDCB /* ContentView.swift */; };
		D78AC9AD296DE6ED008DDDCB /* Assets.xcassets in Resources */ = {isa = PBXBuildFile; fileRef = D78AC9AC296DE6ED008DDDCB /* Assets.xcassets */; };
		D78AC9B0296DE6ED008DDDCB /* Preview Assets.xcassets in Resources */ = {isa = PBXBuildFile; fileRef = D78AC9AF296DE6ED008DDDCB /* Preview Assets.xcassets */; };
		D78AC9BA296DE6EE008DDDCB /* SkyUTests.swift in Sources */ = {isa = PBXBuildFile; fileRef = D78AC9B9296DE6EE008DDDCB /* SkyUTests.swift */; };
		D78AC9C4296DE6EE008DDDCB /* SkyUUITests.swift in Sources */ = {isa = PBXBuildFile; fileRef = D78AC9C3296DE6EE008DDDCB /* SkyUUITests.swift */; };
		D78AC9C6296DE6EE008DDDCB /* SkyUUITestsLaunchTests.swift in Sources */ = {isa = PBXBuildFile; fileRef = D78AC9C5296DE6EE008DDDCB /* SkyUUITestsLaunchTests.swift */; };
		D78AC9D3296DE7B2008DDDCB /* GoogleService-Info.plist in Resources */ = {isa = PBXBuildFile; fileRef = D78AC9D2296DE7B1008DDDCB /* GoogleService-Info.plist */; };
		D78AC9D4296DE7B2008DDDCB /* GoogleService-Info.plist in Resources */ = {isa = PBXBuildFile; fileRef = D78AC9D2296DE7B1008DDDCB /* GoogleService-Info.plist */; };
		D78AC9D5296DE7B2008DDDCB /* GoogleService-Info.plist in Resources */ = {isa = PBXBuildFile; fileRef = D78AC9D2296DE7B1008DDDCB /* GoogleService-Info.plist */; };
		D78AC9D8296DE9DF008DDDCB /* FirebaseAuth in Frameworks */ = {isa = PBXBuildFile; productRef = D78AC9D7296DE9DF008DDDCB /* FirebaseAuth */; };
		D78AC9DC296DEADF008DDDCB /* LoginView.swift in Sources */ = {isa = PBXBuildFile; fileRef = D78AC9DB296DEADF008DDDCB /* LoginView.swift */; };
		D78AC9DD296DEADF008DDDCB /* LoginView.swift in Sources */ = {isa = PBXBuildFile; fileRef = D78AC9DB296DEADF008DDDCB /* LoginView.swift */; };
		D78AC9DE296DEADF008DDDCB /* LoginView.swift in Sources */ = {isa = PBXBuildFile; fileRef = D78AC9DB296DEADF008DDDCB /* LoginView.swift */; };
		D78AC9E1296EAF94008DDDCB /* FirebaseFirestore in Frameworks */ = {isa = PBXBuildFile; productRef = D78AC9E0296EAF94008DDDCB /* FirebaseFirestore */; };
		D78AC9E3296EAF94008DDDCB /* FirebaseFirestoreSwift in Frameworks */ = {isa = PBXBuildFile; productRef = D78AC9E2296EAF94008DDDCB /* FirebaseFirestoreSwift */; };
		D78AC9E5296EAF94008DDDCB /* FirebaseStorage in Frameworks */ = {isa = PBXBuildFile; productRef = D78AC9E4296EAF94008DDDCB /* FirebaseStorage */; };
		D78AC9E7296EBE1A008DDDCB /* User.swift in Sources */ = {isa = PBXBuildFile; fileRef = D78AC9E6296EBE1A008DDDCB /* User.swift */; };
		D78AC9E8296EBE1A008DDDCB /* User.swift in Sources */ = {isa = PBXBuildFile; fileRef = D78AC9E6296EBE1A008DDDCB /* User.swift */; };
		D78AC9E9296EBE1A008DDDCB /* User.swift in Sources */ = {isa = PBXBuildFile; fileRef = D78AC9E6296EBE1A008DDDCB /* User.swift */; };
		D78AC9EB296ECEDE008DDDCB /* LoadingView.swift in Sources */ = {isa = PBXBuildFile; fileRef = D78AC9EA296ECEDE008DDDCB /* LoadingView.swift */; };
		D78AC9EC296ECEDE008DDDCB /* LoadingView.swift in Sources */ = {isa = PBXBuildFile; fileRef = D78AC9EA296ECEDE008DDDCB /* LoadingView.swift */; };
		D78AC9ED296ECEDE008DDDCB /* LoadingView.swift in Sources */ = {isa = PBXBuildFile; fileRef = D78AC9EA296ECEDE008DDDCB /* LoadingView.swift */; };
		D7A63908299B82D200B5BBD3 /* RegisterView.swift in Sources */ = {isa = PBXBuildFile; fileRef = D7A63907299B82D200B5BBD3 /* RegisterView.swift */; };
		D7A6390B299B836600B5BBD3 /* View+Extensions.swift in Sources */ = {isa = PBXBuildFile; fileRef = D7A6390A299B836600B5BBD3 /* View+Extensions.swift */; };
		D7A6390D299B83E300B5BBD3 /* MainView.swift in Sources */ = {isa = PBXBuildFile; fileRef = D7A6390C299B83E300B5BBD3 /* MainView.swift */; };
		D7DDCBDB299D6B0A009163D3 /* ProfileView.swift in Sources */ = {isa = PBXBuildFile; fileRef = D7DDCBDA299D6B0A009163D3 /* ProfileView.swift */; };
/* End PBXBuildFile section */

/* Begin PBXContainerItemProxy section */
		D78AC9B6296DE6EE008DDDCB /* PBXContainerItemProxy */ = {
			isa = PBXContainerItemProxy;
			containerPortal = D78AC99D296DE6EC008DDDCB /* Project object */;
			proxyType = 1;
			remoteGlobalIDString = D78AC9A4296DE6EC008DDDCB;
			remoteInfo = SkyU;
		};
		D78AC9C0296DE6EE008DDDCB /* PBXContainerItemProxy */ = {
			isa = PBXContainerItemProxy;
			containerPortal = D78AC99D296DE6EC008DDDCB /* Project object */;
			proxyType = 1;
			remoteGlobalIDString = D78AC9A4296DE6EC008DDDCB;
			remoteInfo = SkyU;
		};
/* End PBXContainerItemProxy section */

/* Begin PBXFileReference section */
		D72AB54329E6CEE6006658AF /* CreateNewPost.swift */ = {isa = PBXFileReference; lastKnownFileType = sourcecode.swift; path = CreateNewPost.swift; sourceTree = "<group>"; };
		D72AB54529E6CF58006658AF /* Post.swift */ = {isa = PBXFileReference; lastKnownFileType = sourcecode.swift; path = Post.swift; sourceTree = "<group>"; };
		D72AB54729E7B939006658AF /* PostsView.swift */ = {isa = PBXFileReference; lastKnownFileType = sourcecode.swift; path = PostsView.swift; sourceTree = "<group>"; };
		D72AB54929E82C56006658AF /* ReusablePostsView.swift */ = {isa = PBXFileReference; lastKnownFileType = sourcecode.swift; path = ReusablePostsView.swift; sourceTree = "<group>"; };
		D72AB54B29E8374E006658AF /* PostCardView.swift */ = {isa = PBXFileReference; lastKnownFileType = sourcecode.swift; path = PostCardView.swift; sourceTree = "<group>"; };
		D76DF51729D194B0007EBCDE /* ReusableProfileContent.swift */ = {isa = PBXFileReference; lastKnownFileType = sourcecode.swift; path = ReusableProfileContent.swift; sourceTree = "<group>"; };
		D78AC9A5296DE6EC008DDDCB /* SkyU.app */ = {isa = PBXFileReference; explicitFileType = wrapper.application; includeInIndex = 0; path = SkyU.app; sourceTree = BUILT_PRODUCTS_DIR; };
		D78AC9A8296DE6EC008DDDCB /* SkyUApp.swift */ = {isa = PBXFileReference; lastKnownFileType = sourcecode.swift; path = SkyUApp.swift; sourceTree = "<group>"; };
		D78AC9AA296DE6EC008DDDCB /* ContentView.swift */ = {isa = PBXFileReference; lastKnownFileType = sourcecode.swift; path = ContentView.swift; sourceTree = "<group>"; };
		D78AC9AC296DE6ED008DDDCB /* Assets.xcassets */ = {isa = PBXFileReference; lastKnownFileType = folder.assetcatalog; path = Assets.xcassets; sourceTree = "<group>"; };
		D78AC9AF296DE6ED008DDDCB /* Preview Assets.xcassets */ = {isa = PBXFileReference; lastKnownFileType = folder.assetcatalog; path = "Preview Assets.xcassets"; sourceTree = "<group>"; };
		D78AC9B5296DE6EE008DDDCB /* SkyUTests.xctest */ = {isa = PBXFileReference; explicitFileType = wrapper.cfbundle; includeInIndex = 0; path = SkyUTests.xctest; sourceTree = BUILT_PRODUCTS_DIR; };
		D78AC9B9296DE6EE008DDDCB /* SkyUTests.swift */ = {isa = PBXFileReference; lastKnownFileType = sourcecode.swift; path = SkyUTests.swift; sourceTree = "<group>"; };
		D78AC9BF296DE6EE008DDDCB /* SkyUUITests.xctest */ = {isa = PBXFileReference; explicitFileType = wrapper.cfbundle; includeInIndex = 0; path = SkyUUITests.xctest; sourceTree = BUILT_PRODUCTS_DIR; };
		D78AC9C3296DE6EE008DDDCB /* SkyUUITests.swift */ = {isa = PBXFileReference; lastKnownFileType = sourcecode.swift; path = SkyUUITests.swift; sourceTree = "<group>"; };
		D78AC9C5296DE6EE008DDDCB /* SkyUUITestsLaunchTests.swift */ = {isa = PBXFileReference; lastKnownFileType = sourcecode.swift; path = SkyUUITestsLaunchTests.swift; sourceTree = "<group>"; };
		D78AC9D2296DE7B1008DDDCB /* GoogleService-Info.plist */ = {isa = PBXFileReference; fileEncoding = 4; lastKnownFileType = text.plist.xml; path = "GoogleService-Info.plist"; sourceTree = "<group>"; };
		D78AC9DB296DEADF008DDDCB /* LoginView.swift */ = {isa = PBXFileReference; lastKnownFileType = sourcecode.swift; path = LoginView.swift; sourceTree = "<group>"; };
		D78AC9E6296EBE1A008DDDCB /* User.swift */ = {isa = PBXFileReference; lastKnownFileType = sourcecode.swift; path = User.swift; sourceTree = "<group>"; };
		D78AC9EA296ECEDE008DDDCB /* LoadingView.swift */ = {isa = PBXFileReference; lastKnownFileType = sourcecode.swift; path = LoadingView.swift; sourceTree = "<group>"; };
		D7A63907299B82D200B5BBD3 /* RegisterView.swift */ = {isa = PBXFileReference; lastKnownFileType = sourcecode.swift; path = RegisterView.swift; sourceTree = "<group>"; };
		D7A6390A299B836600B5BBD3 /* View+Extensions.swift */ = {isa = PBXFileReference; lastKnownFileType = sourcecode.swift; path = "View+Extensions.swift"; sourceTree = "<group>"; };
		D7A6390C299B83E300B5BBD3 /* MainView.swift */ = {isa = PBXFileReference; lastKnownFileType = sourcecode.swift; path = MainView.swift; sourceTree = "<group>"; };
		D7DDCBDA299D6B0A009163D3 /* ProfileView.swift */ = {isa = PBXFileReference; lastKnownFileType = sourcecode.swift; path = ProfileView.swift; sourceTree = "<group>"; };
/* End PBXFileReference section */

/* Begin PBXFrameworksBuildPhase section */
		D78AC9A2296DE6EC008DDDCB /* Frameworks */ = {
			isa = PBXFrameworksBuildPhase;
			buildActionMask = 2147483647;
			files = (
				D76DF51B29D198B8007EBCDE /* SDWebImageSwiftUI in Frameworks */,
				D78AC9D8296DE9DF008DDDCB /* FirebaseAuth in Frameworks */,
				D78AC9E5296EAF94008DDDCB /* FirebaseStorage in Frameworks */,
				D78AC9E1296EAF94008DDDCB /* FirebaseFirestore in Frameworks */,
				D78AC9E3296EAF94008DDDCB /* FirebaseFirestoreSwift in Frameworks */,
			);
			runOnlyForDeploymentPostprocessing = 0;
		};
		D78AC9B2296DE6EE008DDDCB /* Frameworks */ = {
			isa = PBXFrameworksBuildPhase;
			buildActionMask = 2147483647;
			files = (
			);
			runOnlyForDeploymentPostprocessing = 0;
		};
		D78AC9BC296DE6EE008DDDCB /* Frameworks */ = {
			isa = PBXFrameworksBuildPhase;
			buildActionMask = 2147483647;
			files = (
			);
			runOnlyForDeploymentPostprocessing = 0;
		};
/* End PBXFrameworksBuildPhase section */

/* Begin PBXGroup section */
		D72AB54F29E95349006658AF /* PostView */ = {
			isa = PBXGroup;
			children = (
				D72AB54729E7B939006658AF /* PostsView.swift */,
				D72AB54929E82C56006658AF /* ReusablePostsView.swift */,
				D72AB54B29E8374E006658AF /* PostCardView.swift */,
			);
			path = PostView;
			sourceTree = "<group>";
		};
		D72AB55029E9536C006658AF /* ProfileVIew */ = {
			isa = PBXGroup;
			children = (
				D7DDCBDA299D6B0A009163D3 /* ProfileView.swift */,
				D76DF51729D194B0007EBCDE /* ReusableProfileContent.swift */,
			);
			path = ProfileVIew;
			sourceTree = "<group>";
		};
		D78AC99C296DE6EC008DDDCB = {
			isa = PBXGroup;
			children = (
				D78AC9A7296DE6EC008DDDCB /* SkyU */,
				D78AC9B8296DE6EE008DDDCB /* SkyUTests */,
				D78AC9C2296DE6EE008DDDCB /* SkyUUITests */,
				D78AC9A6296DE6EC008DDDCB /* Products */,
				D78AC9DF296EAF94008DDDCB /* Frameworks */,
			);
			sourceTree = "<group>";
		};
		D78AC9A6296DE6EC008DDDCB /* Products */ = {
			isa = PBXGroup;
			children = (
				D78AC9A5296DE6EC008DDDCB /* SkyU.app */,
				D78AC9B5296DE6EE008DDDCB /* SkyUTests.xctest */,
				D78AC9BF296DE6EE008DDDCB /* SkyUUITests.xctest */,
			);
			name = Products;
			sourceTree = "<group>";
		};
		D78AC9A7296DE6EC008DDDCB /* SkyU */ = {
			isa = PBXGroup;
			children = (
				D78AC9DA296DEAA0008DDDCB /* Model */,
				D78AC9D9296DEA97008DDDCB /* View */,
				D78AC9D2296DE7B1008DDDCB /* GoogleService-Info.plist */,
				D78AC9A8296DE6EC008DDDCB /* SkyUApp.swift */,
				D78AC9AA296DE6EC008DDDCB /* ContentView.swift */,
				D78AC9AC296DE6ED008DDDCB /* Assets.xcassets */,
				D78AC9AE296DE6ED008DDDCB /* Preview Content */,
			);
			path = SkyU;
			sourceTree = "<group>";
		};
		D78AC9AE296DE6ED008DDDCB /* Preview Content */ = {
			isa = PBXGroup;
			children = (
				D78AC9AF296DE6ED008DDDCB /* Preview Assets.xcassets */,
			);
			path = "Preview Content";
			sourceTree = "<group>";
		};
		D78AC9B8296DE6EE008DDDCB /* SkyUTests */ = {
			isa = PBXGroup;
			children = (
				D78AC9B9296DE6EE008DDDCB /* SkyUTests.swift */,
			);
			path = SkyUTests;
			sourceTree = "<group>";
		};
		D78AC9C2296DE6EE008DDDCB /* SkyUUITests */ = {
			isa = PBXGroup;
			children = (
				D78AC9C3296DE6EE008DDDCB /* SkyUUITests.swift */,
				D78AC9C5296DE6EE008DDDCB /* SkyUUITestsLaunchTests.swift */,
			);
			path = SkyUUITests;
			sourceTree = "<group>";
		};
		D78AC9D9296DEA97008DDDCB /* View */ = {
			isa = PBXGroup;
			children = (
				D7A63909299B834900B5BBD3 /* Helpers */,
				D7A63906299B828300B5BBD3 /* MainView */,
				D7A63905299B826100B5BBD3 /* Login */,
				D78AC9EA296ECEDE008DDDCB /* LoadingView.swift */,
			);
			path = View;
			sourceTree = "<group>";
		};
		D78AC9DA296DEAA0008DDDCB /* Model */ = {
			isa = PBXGroup;
			children = (
				D78AC9E6296EBE1A008DDDCB /* User.swift */,
				D72AB54529E6CF58006658AF /* Post.swift */,
			);
			path = Model;
			sourceTree = "<group>";
		};
		D78AC9DF296EAF94008DDDCB /* Frameworks */ = {
			isa = PBXGroup;
			children = (
			);
			name = Frameworks;
			sourceTree = "<group>";
		};
		D7A63905299B826100B5BBD3 /* Login */ = {
			isa = PBXGroup;
			children = (
				D78AC9DB296DEADF008DDDCB /* LoginView.swift */,
				D7A63907299B82D200B5BBD3 /* RegisterView.swift */,
			);
			path = Login;
			sourceTree = "<group>";
		};
		D7A63906299B828300B5BBD3 /* MainView */ = {
			isa = PBXGroup;
			children = (
				D7A6390C299B83E300B5BBD3 /* MainView.swift */,
				D72AB54329E6CEE6006658AF /* CreateNewPost.swift */,
				D72AB55029E9536C006658AF /* ProfileVIew */,
				D72AB54F29E95349006658AF /* PostView */,
			);
			path = MainView;
			sourceTree = "<group>";
		};
		D7A63909299B834900B5BBD3 /* Helpers */ = {
			isa = PBXGroup;
			children = (
				D7A6390A299B836600B5BBD3 /* View+Extensions.swift */,
			);
			path = Helpers;
			sourceTree = "<group>";
		};
/* End PBXGroup section */

/* Begin PBXNativeTarget section */
		D78AC9A4296DE6EC008DDDCB /* SkyU */ = {
			isa = PBXNativeTarget;
			buildConfigurationList = D78AC9C9296DE6EE008DDDCB /* Build configuration list for PBXNativeTarget "SkyU" */;
			buildPhases = (
				D78AC9A1296DE6EC008DDDCB /* Sources */,
				D78AC9A2296DE6EC008DDDCB /* Frameworks */,
				D78AC9A3296DE6EC008DDDCB /* Resources */,
			);
			buildRules = (
			);
			dependencies = (
			);
			name = SkyU;
			packageProductDependencies = (
				D78AC9D7296DE9DF008DDDCB /* FirebaseAuth */,
				D78AC9E0296EAF94008DDDCB /* FirebaseFirestore */,
				D78AC9E2296EAF94008DDDCB /* FirebaseFirestoreSwift */,
				D78AC9E4296EAF94008DDDCB /* FirebaseStorage */,
				D76DF51A29D198B8007EBCDE /* SDWebImageSwiftUI */,
			);
			productName = SkyU;
			productReference = D78AC9A5296DE6EC008DDDCB /* SkyU.app */;
			productType = "com.apple.product-type.application";
		};
		D78AC9B4296DE6EE008DDDCB /* SkyUTests */ = {
			isa = PBXNativeTarget;
			buildConfigurationList = D78AC9CC296DE6EE008DDDCB /* Build configuration list for PBXNativeTarget "SkyUTests" */;
			buildPhases = (
				D78AC9B1296DE6EE008DDDCB /* Sources */,
				D78AC9B2296DE6EE008DDDCB /* Frameworks */,
				D78AC9B3296DE6EE008DDDCB /* Resources */,
			);
			buildRules = (
			);
			dependencies = (
				D78AC9B7296DE6EE008DDDCB /* PBXTargetDependency */,
			);
			name = SkyUTests;
			productName = SkyUTests;
			productReference = D78AC9B5296DE6EE008DDDCB /* SkyUTests.xctest */;
			productType = "com.apple.product-type.bundle.unit-test";
		};
		D78AC9BE296DE6EE008DDDCB /* SkyUUITests */ = {
			isa = PBXNativeTarget;
			buildConfigurationList = D78AC9CF296DE6EE008DDDCB /* Build configuration list for PBXNativeTarget "SkyUUITests" */;
			buildPhases = (
				D78AC9BB296DE6EE008DDDCB /* Sources */,
				D78AC9BC296DE6EE008DDDCB /* Frameworks */,
				D78AC9BD296DE6EE008DDDCB /* Resources */,
			);
			buildRules = (
			);
			dependencies = (
				D78AC9C1296DE6EE008DDDCB /* PBXTargetDependency */,
			);
			name = SkyUUITests;
			productName = SkyUUITests;
			productReference = D78AC9BF296DE6EE008DDDCB /* SkyUUITests.xctest */;
			productType = "com.apple.product-type.bundle.ui-testing";
		};
/* End PBXNativeTarget section */

/* Begin PBXProject section */
		D78AC99D296DE6EC008DDDCB /* Project object */ = {
			isa = PBXProject;
			attributes = {
				BuildIndependentTargetsInParallel = 1;
				LastSwiftUpdateCheck = 1420;
				LastUpgradeCheck = 1420;
				TargetAttributes = {
					D78AC9A4296DE6EC008DDDCB = {
						CreatedOnToolsVersion = 14.2;
					};
					D78AC9B4296DE6EE008DDDCB = {
						CreatedOnToolsVersion = 14.2;
						TestTargetID = D78AC9A4296DE6EC008DDDCB;
					};
					D78AC9BE296DE6EE008DDDCB = {
						CreatedOnToolsVersion = 14.2;
						TestTargetID = D78AC9A4296DE6EC008DDDCB;
					};
				};
			};
			buildConfigurationList = D78AC9A0296DE6EC008DDDCB /* Build configuration list for PBXProject "SkyU" */;
			compatibilityVersion = "Xcode 14.0";
			developmentRegion = en;
			hasScannedForEncodings = 0;
			knownRegions = (
				en,
				Base,
			);
			mainGroup = D78AC99C296DE6EC008DDDCB;
			packageReferences = (
				D78AC9D6296DE9DF008DDDCB /* XCRemoteSwiftPackageReference "firebase-ios-sdk" */,
				D76DF51929D198B7007EBCDE /* XCRemoteSwiftPackageReference "SDWebImageSwiftUI" */,
			);
			productRefGroup = D78AC9A6296DE6EC008DDDCB /* Products */;
			projectDirPath = "";
			projectRoot = "";
			targets = (
				D78AC9A4296DE6EC008DDDCB /* SkyU */,
				D78AC9B4296DE6EE008DDDCB /* SkyUTests */,
				D78AC9BE296DE6EE008DDDCB /* SkyUUITests */,
			);
		};
/* End PBXProject section */

/* Begin PBXResourcesBuildPhase section */
		D78AC9A3296DE6EC008DDDCB /* Resources */ = {
			isa = PBXResourcesBuildPhase;
			buildActionMask = 2147483647;
			files = (
				D78AC9B0296DE6ED008DDDCB /* Preview Assets.xcassets in Resources */,
				D78AC9AD296DE6ED008DDDCB /* Assets.xcassets in Resources */,
				D78AC9D3296DE7B2008DDDCB /* GoogleService-Info.plist in Resources */,
			);
			runOnlyForDeploymentPostprocessing = 0;
		};
		D78AC9B3296DE6EE008DDDCB /* Resources */ = {
			isa = PBXResourcesBuildPhase;
			buildActionMask = 2147483647;
			files = (
				D78AC9D4296DE7B2008DDDCB /* GoogleService-Info.plist in Resources */,
			);
			runOnlyForDeploymentPostprocessing = 0;
		};
		D78AC9BD296DE6EE008DDDCB /* Resources */ = {
			isa = PBXResourcesBuildPhase;
			buildActionMask = 2147483647;
			files = (
				D78AC9D5296DE7B2008DDDCB /* GoogleService-Info.plist in Resources */,
			);
			runOnlyForDeploymentPostprocessing = 0;
		};
/* End PBXResourcesBuildPhase section */

/* Begin PBXSourcesBuildPhase section */
		D78AC9A1296DE6EC008DDDCB /* Sources */ = {
			isa = PBXSourcesBuildPhase;
			buildActionMask = 2147483647;
			files = (
				D76DF51829D194B0007EBCDE /* ReusableProfileContent.swift in Sources */,
				D78AC9E7296EBE1A008DDDCB /* User.swift in Sources */,
				D7DDCBDB299D6B0A009163D3 /* ProfileView.swift in Sources */,
				D72AB54A29E82C56006658AF /* ReusablePostsView.swift in Sources */,
				D72AB54629E6CF58006658AF /* Post.swift in Sources */,
				D7A6390D299B83E300B5BBD3 /* MainView.swift in Sources */,
				D78AC9DC296DEADF008DDDCB /* LoginView.swift in Sources */,
				D78AC9AB296DE6EC008DDDCB /* ContentView.swift in Sources */,
				D7A6390B299B836600B5BBD3 /* View+Extensions.swift in Sources */,
				D72AB54429E6CEE6006658AF /* CreateNewPost.swift in Sources */,
				D72AB54829E7B939006658AF /* PostsView.swift in Sources */,
				D7A63908299B82D200B5BBD3 /* RegisterView.swift in Sources */,
				D72AB54C29E8374E006658AF /* PostCardView.swift in Sources */,
				D78AC9EB296ECEDE008DDDCB /* LoadingView.swift in Sources */,
				D78AC9A9296DE6EC008DDDCB /* SkyUApp.swift in Sources */,
			);
			runOnlyForDeploymentPostprocessing = 0;
		};
		D78AC9B1296DE6EE008DDDCB /* Sources */ = {
			isa = PBXSourcesBuildPhase;
			buildActionMask = 2147483647;
			files = (
				D78AC9DD296DEADF008DDDCB /* LoginView.swift in Sources */,
				D78AC9EC296ECEDE008DDDCB /* LoadingView.swift in Sources */,
				D78AC9BA296DE6EE008DDDCB /* SkyUTests.swift in Sources */,
				D78AC9E8296EBE1A008DDDCB /* User.swift in Sources */,
			);
			runOnlyForDeploymentPostprocessing = 0;
		};
		D78AC9BB296DE6EE008DDDCB /* Sources */ = {
			isa = PBXSourcesBuildPhase;
			buildActionMask = 2147483647;
			files = (
				D78AC9E9296EBE1A008DDDCB /* User.swift in Sources */,
				D78AC9DE296DEADF008DDDCB /* LoginView.swift in Sources */,
				D78AC9C6296DE6EE008DDDCB /* SkyUUITestsLaunchTests.swift in Sources */,
				D78AC9ED296ECEDE008DDDCB /* LoadingView.swift in Sources */,
				D78AC9C4296DE6EE008DDDCB /* SkyUUITests.swift in Sources */,
			);
			runOnlyForDeploymentPostprocessing = 0;
		};
/* End PBXSourcesBuildPhase section */

/* Begin PBXTargetDependency section */
		D78AC9B7296DE6EE008DDDCB /* PBXTargetDependency */ = {
			isa = PBXTargetDependency;
			target = D78AC9A4296DE6EC008DDDCB /* SkyU */;
			targetProxy = D78AC9B6296DE6EE008DDDCB /* PBXContainerItemProxy */;
		};
		D78AC9C1296DE6EE008DDDCB /* PBXTargetDependency */ = {
			isa = PBXTargetDependency;
			target = D78AC9A4296DE6EC008DDDCB /* SkyU */;
			targetProxy = D78AC9C0296DE6EE008DDDCB /* PBXContainerItemProxy */;
		};
/* End PBXTargetDependency section */

/* Begin XCBuildConfiguration section */
		D78AC9C7296DE6EE008DDDCB /* Debug */ = {
			isa = XCBuildConfiguration;
			buildSettings = {
				ALWAYS_SEARCH_USER_PATHS = NO;
				CLANG_ANALYZER_NONNULL = YES;
				CLANG_ANALYZER_NUMBER_OBJECT_CONVERSION = YES_AGGRESSIVE;
				CLANG_CXX_LANGUAGE_STANDARD = "gnu++20";
				CLANG_ENABLE_MODULES = YES;
				CLANG_ENABLE_OBJC_ARC = YES;
				CLANG_ENABLE_OBJC_WEAK = YES;
				CLANG_WARN_BLOCK_CAPTURE_AUTORELEASING = YES;
				CLANG_WARN_BOOL_CONVERSION = YES;
				CLANG_WARN_COMMA = YES;
				CLANG_WARN_CONSTANT_CONVERSION = YES;
				CLANG_WARN_DEPRECATED_OBJC_IMPLEMENTATIONS = YES;
				CLANG_WARN_DIRECT_OBJC_ISA_USAGE = YES_ERROR;
				CLANG_WARN_DOCUMENTATION_COMMENTS = YES;
				CLANG_WARN_EMPTY_BODY = YES;
				CLANG_WARN_ENUM_CONVERSION = YES;
				CLANG_WARN_INFINITE_RECURSION = YES;
				CLANG_WARN_INT_CONVERSION = YES;
				CLANG_WARN_NON_LITERAL_NULL_CONVERSION = YES;
				CLANG_WARN_OBJC_IMPLICIT_RETAIN_SELF = YES;
				CLANG_WARN_OBJC_LITERAL_CONVERSION = YES;
				CLANG_WARN_OBJC_ROOT_CLASS = YES_ERROR;
				CLANG_WARN_QUOTED_INCLUDE_IN_FRAMEWORK_HEADER = YES;
				CLANG_WARN_RANGE_LOOP_ANALYSIS = YES;
				CLANG_WARN_STRICT_PROTOTYPES = YES;
				CLANG_WARN_SUSPICIOUS_MOVE = YES;
				CLANG_WARN_UNGUARDED_AVAILABILITY = YES_AGGRESSIVE;
				CLANG_WARN_UNREACHABLE_CODE = YES;
				CLANG_WARN__DUPLICATE_METHOD_MATCH = YES;
				COPY_PHASE_STRIP = NO;
				DEBUG_INFORMATION_FORMAT = dwarf;
				ENABLE_STRICT_OBJC_MSGSEND = YES;
				ENABLE_TESTABILITY = YES;
				GCC_C_LANGUAGE_STANDARD = gnu11;
				GCC_DYNAMIC_NO_PIC = NO;
				GCC_NO_COMMON_BLOCKS = YES;
				GCC_OPTIMIZATION_LEVEL = 0;
				GCC_PREPROCESSOR_DEFINITIONS = (
					"DEBUG=1",
					"$(inherited)",
				);
				GCC_WARN_64_TO_32_BIT_CONVERSION = YES;
				GCC_WARN_ABOUT_RETURN_TYPE = YES_ERROR;
				GCC_WARN_UNDECLARED_SELECTOR = YES;
				GCC_WARN_UNINITIALIZED_AUTOS = YES_AGGRESSIVE;
				GCC_WARN_UNUSED_FUNCTION = YES;
				GCC_WARN_UNUSED_VARIABLE = YES;
				IPHONEOS_DEPLOYMENT_TARGET = 16.2;
				MTL_ENABLE_DEBUG_INFO = INCLUDE_SOURCE;
				MTL_FAST_MATH = YES;
				ONLY_ACTIVE_ARCH = YES;
				SDKROOT = iphoneos;
				SWIFT_ACTIVE_COMPILATION_CONDITIONS = DEBUG;
				SWIFT_OPTIMIZATION_LEVEL = "-Onone";
			};
			name = Debug;
		};
		D78AC9C8296DE6EE008DDDCB /* Release */ = {
			isa = XCBuildConfiguration;
			buildSettings = {
				ALWAYS_SEARCH_USER_PATHS = NO;
				CLANG_ANALYZER_NONNULL = YES;
				CLANG_ANALYZER_NUMBER_OBJECT_CONVERSION = YES_AGGRESSIVE;
				CLANG_CXX_LANGUAGE_STANDARD = "gnu++20";
				CLANG_ENABLE_MODULES = YES;
				CLANG_ENABLE_OBJC_ARC = YES;
				CLANG_ENABLE_OBJC_WEAK = YES;
				CLANG_WARN_BLOCK_CAPTURE_AUTORELEASING = YES;
				CLANG_WARN_BOOL_CONVERSION = YES;
				CLANG_WARN_COMMA = YES;
				CLANG_WARN_CONSTANT_CONVERSION = YES;
				CLANG_WARN_DEPRECATED_OBJC_IMPLEMENTATIONS = YES;
				CLANG_WARN_DIRECT_OBJC_ISA_USAGE = YES_ERROR;
				CLANG_WARN_DOCUMENTATION_COMMENTS = YES;
				CLANG_WARN_EMPTY_BODY = YES;
				CLANG_WARN_ENUM_CONVERSION = YES;
				CLANG_WARN_INFINITE_RECURSION = YES;
				CLANG_WARN_INT_CONVERSION = YES;
				CLANG_WARN_NON_LITERAL_NULL_CONVERSION = YES;
				CLANG_WARN_OBJC_IMPLICIT_RETAIN_SELF = YES;
				CLANG_WARN_OBJC_LITERAL_CONVERSION = YES;
				CLANG_WARN_OBJC_ROOT_CLASS = YES_ERROR;
				CLANG_WARN_QUOTED_INCLUDE_IN_FRAMEWORK_HEADER = YES;
				CLANG_WARN_RANGE_LOOP_ANALYSIS = YES;
				CLANG_WARN_STRICT_PROTOTYPES = YES;
				CLANG_WARN_SUSPICIOUS_MOVE = YES;
				CLANG_WARN_UNGUARDED_AVAILABILITY = YES_AGGRESSIVE;
				CLANG_WARN_UNREACHABLE_CODE = YES;
				CLANG_WARN__DUPLICATE_METHOD_MATCH = YES;
				COPY_PHASE_STRIP = NO;
				DEBUG_INFORMATION_FORMAT = "dwarf-with-dsym";
				ENABLE_NS_ASSERTIONS = NO;
				ENABLE_STRICT_OBJC_MSGSEND = YES;
				GCC_C_LANGUAGE_STANDARD = gnu11;
				GCC_NO_COMMON_BLOCKS = YES;
				GCC_WARN_64_TO_32_BIT_CONVERSION = YES;
				GCC_WARN_ABOUT_RETURN_TYPE = YES_ERROR;
				GCC_WARN_UNDECLARED_SELECTOR = YES;
				GCC_WARN_UNINITIALIZED_AUTOS = YES_AGGRESSIVE;
				GCC_WARN_UNUSED_FUNCTION = YES;
				GCC_WARN_UNUSED_VARIABLE = YES;
				IPHONEOS_DEPLOYMENT_TARGET = 16.2;
				MTL_ENABLE_DEBUG_INFO = NO;
				MTL_FAST_MATH = YES;
				SDKROOT = iphoneos;
				SWIFT_COMPILATION_MODE = wholemodule;
				SWIFT_OPTIMIZATION_LEVEL = "-O";
				VALIDATE_PRODUCT = YES;
			};
			name = Release;
		};
		D78AC9CA296DE6EE008DDDCB /* Debug */ = {
			isa = XCBuildConfiguration;
			buildSettings = {
				ASSETCATALOG_COMPILER_APPICON_NAME = AppIcon;
				ASSETCATALOG_COMPILER_GLOBAL_ACCENT_COLOR_NAME = AccentColor;
				CODE_SIGN_STYLE = Automatic;
				CURRENT_PROJECT_VERSION = 1;
				DEVELOPMENT_ASSET_PATHS = "\"SkyU/Preview Content\"";
				DEVELOPMENT_TEAM = Q6JZSS9MPK;
				ENABLE_PREVIEWS = YES;
				GENERATE_INFOPLIST_FILE = YES;
				INFOPLIST_KEY_UIApplicationSceneManifest_Generation = YES;
				INFOPLIST_KEY_UIApplicationSupportsIndirectInputEvents = YES;
				INFOPLIST_KEY_UILaunchScreen_Generation = YES;
				INFOPLIST_KEY_UISupportedInterfaceOrientations_iPad = "UIInterfaceOrientationPortrait UIInterfaceOrientationPortraitUpsideDown UIInterfaceOrientationLandscapeLeft UIInterfaceOrientationLandscapeRight";
				INFOPLIST_KEY_UISupportedInterfaceOrientations_iPhone = "UIInterfaceOrientationPortrait UIInterfaceOrientationLandscapeLeft UIInterfaceOrientationLandscapeRight";
				LD_RUNPATH_SEARCH_PATHS = (
					"$(inherited)",
					"@executable_path/Frameworks",
				);
				MARKETING_VERSION = 1.0;
				PRODUCT_BUNDLE_IDENTIFIER = sravan.SkyU;
				PRODUCT_NAME = "$(TARGET_NAME)";
				SWIFT_EMIT_LOC_STRINGS = YES;
				SWIFT_VERSION = 5.0;
				TARGETED_DEVICE_FAMILY = "1,2";
			};
			name = Debug;
		};
		D78AC9CB296DE6EE008DDDCB /* Release */ = {
			isa = XCBuildConfiguration;
			buildSettings = {
				ASSETCATALOG_COMPILER_APPICON_NAME = AppIcon;
				ASSETCATALOG_COMPILER_GLOBAL_ACCENT_COLOR_NAME = AccentColor;
				CODE_SIGN_STYLE = Automatic;
				CURRENT_PROJECT_VERSION = 1;
				DEVELOPMENT_ASSET_PATHS = "\"SkyU/Preview Content\"";
				DEVELOPMENT_TEAM = Q6JZSS9MPK;
				ENABLE_PREVIEWS = YES;
				GENERATE_INFOPLIST_FILE = YES;
				INFOPLIST_KEY_UIApplicationSceneManifest_Generation = YES;
				INFOPLIST_KEY_UIApplicationSupportsIndirectInputEvents = YES;
				INFOPLIST_KEY_UILaunchScreen_Generation = YES;
				INFOPLIST_KEY_UISupportedInterfaceOrientations_iPad = "UIInterfaceOrientationPortrait UIInterfaceOrientationPortraitUpsideDown UIInterfaceOrientationLandscapeLeft UIInterfaceOrientationLandscapeRight";
				INFOPLIST_KEY_UISupportedInterfaceOrientations_iPhone = "UIInterfaceOrientationPortrait UIInterfaceOrientationLandscapeLeft UIInterfaceOrientationLandscapeRight";
				LD_RUNPATH_SEARCH_PATHS = (
					"$(inherited)",
					"@executable_path/Frameworks",
				);
				MARKETING_VERSION = 1.0;
				PRODUCT_BUNDLE_IDENTIFIER = sravan.SkyU;
				PRODUCT_NAME = "$(TARGET_NAME)";
				SWIFT_EMIT_LOC_STRINGS = YES;
				SWIFT_VERSION = 5.0;
				TARGETED_DEVICE_FAMILY = "1,2";
			};
			name = Release;
		};
		D78AC9CD296DE6EE008DDDCB /* Debug */ = {
			isa = XCBuildConfiguration;
			buildSettings = {
				ALWAYS_EMBED_SWIFT_STANDARD_LIBRARIES = YES;
				BUNDLE_LOADER = "$(TEST_HOST)";
				CODE_SIGN_STYLE = Automatic;
				CURRENT_PROJECT_VERSION = 1;
				DEVELOPMENT_TEAM = Q6JZSS9MPK;
				GENERATE_INFOPLIST_FILE = YES;
				IPHONEOS_DEPLOYMENT_TARGET = 16.2;
				MARKETING_VERSION = 1.0;
				PRODUCT_BUNDLE_IDENTIFIER = sravan.SkyUTests;
				PRODUCT_NAME = "$(TARGET_NAME)";
				SWIFT_EMIT_LOC_STRINGS = NO;
				SWIFT_VERSION = 5.0;
				TARGETED_DEVICE_FAMILY = "1,2";
				TEST_HOST = "$(BUILT_PRODUCTS_DIR)/SkyU.app/$(BUNDLE_EXECUTABLE_FOLDER_PATH)/SkyU";
			};
			name = Debug;
		};
		D78AC9CE296DE6EE008DDDCB /* Release */ = {
			isa = XCBuildConfiguration;
			buildSettings = {
				ALWAYS_EMBED_SWIFT_STANDARD_LIBRARIES = YES;
				BUNDLE_LOADER = "$(TEST_HOST)";
				CODE_SIGN_STYLE = Automatic;
				CURRENT_PROJECT_VERSION = 1;
				DEVELOPMENT_TEAM = Q6JZSS9MPK;
				GENERATE_INFOPLIST_FILE = YES;
				IPHONEOS_DEPLOYMENT_TARGET = 16.2;
				MARKETING_VERSION = 1.0;
				PRODUCT_BUNDLE_IDENTIFIER = sravan.SkyUTests;
				PRODUCT_NAME = "$(TARGET_NAME)";
				SWIFT_EMIT_LOC_STRINGS = NO;
				SWIFT_VERSION = 5.0;
				TARGETED_DEVICE_FAMILY = "1,2";
				TEST_HOST = "$(BUILT_PRODUCTS_DIR)/SkyU.app/$(BUNDLE_EXECUTABLE_FOLDER_PATH)/SkyU";
			};
			name = Release;
		};
		D78AC9D0296DE6EE008DDDCB /* Debug */ = {
			isa = XCBuildConfiguration;
			buildSettings = {
				ALWAYS_EMBED_SWIFT_STANDARD_LIBRARIES = YES;
				CODE_SIGN_STYLE = Automatic;
				CURRENT_PROJECT_VERSION = 1;
				DEVELOPMENT_TEAM = Q6JZSS9MPK;
				GENERATE_INFOPLIST_FILE = YES;
				MARKETING_VERSION = 1.0;
				PRODUCT_BUNDLE_IDENTIFIER = sravan.SkyUUITests;
				PRODUCT_NAME = "$(TARGET_NAME)";
				SWIFT_EMIT_LOC_STRINGS = NO;
				SWIFT_VERSION = 5.0;
				TARGETED_DEVICE_FAMILY = "1,2";
				TEST_TARGET_NAME = SkyU;
			};
			name = Debug;
		};
		D78AC9D1296DE6EE008DDDCB /* Release */ = {
			isa = XCBuildConfiguration;
			buildSettings = {
				ALWAYS_EMBED_SWIFT_STANDARD_LIBRARIES = YES;
				CODE_SIGN_STYLE = Automatic;
				CURRENT_PROJECT_VERSION = 1;
				DEVELOPMENT_TEAM = Q6JZSS9MPK;
				GENERATE_INFOPLIST_FILE = YES;
				MARKETING_VERSION = 1.0;
				PRODUCT_BUNDLE_IDENTIFIER = sravan.SkyUUITests;
				PRODUCT_NAME = "$(TARGET_NAME)";
				SWIFT_EMIT_LOC_STRINGS = NO;
				SWIFT_VERSION = 5.0;
				TARGETED_DEVICE_FAMILY = "1,2";
				TEST_TARGET_NAME = SkyU;
			};
			name = Release;
		};
/* End XCBuildConfiguration section */

/* Begin XCConfigurationList section */
		D78AC9A0296DE6EC008DDDCB /* Build configuration list for PBXProject "SkyU" */ = {
			isa = XCConfigurationList;
			buildConfigurations = (
				D78AC9C7296DE6EE008DDDCB /* Debug */,
				D78AC9C8296DE6EE008DDDCB /* Release */,
			);
			defaultConfigurationIsVisible = 0;
			defaultConfigurationName = Release;
		};
		D78AC9C9296DE6EE008DDDCB /* Build configuration list for PBXNativeTarget "SkyU" */ = {
			isa = XCConfigurationList;
			buildConfigurations = (
				D78AC9CA296DE6EE008DDDCB /* Debug */,
				D78AC9CB296DE6EE008DDDCB /* Release */,
			);
			defaultConfigurationIsVisible = 0;
			defaultConfigurationName = Release;
		};
		D78AC9CC296DE6EE008DDDCB /* Build configuration list for PBXNativeTarget "SkyUTests" */ = {
			isa = XCConfigurationList;
			buildConfigurations = (
				D78AC9CD296DE6EE008DDDCB /* Debug */,
				D78AC9CE296DE6EE008DDDCB /* Release */,
			);
			defaultConfigurationIsVisible = 0;
			defaultConfigurationName = Release;
		};
		D78AC9CF296DE6EE008DDDCB /* Build configuration list for PBXNativeTarget "SkyUUITests" */ = {
			isa = XCConfigurationList;
			buildConfigurations = (
				D78AC9D0296DE6EE008DDDCB /* Debug */,
				D78AC9D1296DE6EE008DDDCB /* Release */,
			);
			defaultConfigurationIsVisible = 0;
			defaultConfigurationName = Release;
		};
/* End XCConfigurationList section */

/* Begin XCRemoteSwiftPackageReference section */
		D76DF51929D198B7007EBCDE /* XCRemoteSwiftPackageReference "SDWebImageSwiftUI" */ = {
			isa = XCRemoteSwiftPackageReference;
			repositoryURL = "https://github.com/SDWebImage/SDWebImageSwiftUI.git";
			requirement = {
				kind = upToNextMajorVersion;
				minimumVersion = 2.0.0;
			};
		};
		D78AC9D6296DE9DF008DDDCB /* XCRemoteSwiftPackageReference "firebase-ios-sdk" */ = {
			isa = XCRemoteSwiftPackageReference;
			repositoryURL = "https://github.com/firebase/firebase-ios-sdk";
			requirement = {
				kind = upToNextMajorVersion;
				minimumVersion = 9.0.0;
			};
		};
/* End XCRemoteSwiftPackageReference section */

/* Begin XCSwiftPackageProductDependency section */
		D76DF51A29D198B8007EBCDE /* SDWebImageSwiftUI */ = {
			isa = XCSwiftPackageProductDependency;
			package = D76DF51929D198B7007EBCDE /* XCRemoteSwiftPackageReference "SDWebImageSwiftUI" */;
			productName = SDWebImageSwiftUI;
		};
		D78AC9D7296DE9DF008DDDCB /* FirebaseAuth */ = {
			isa = XCSwiftPackageProductDependency;
			package = D78AC9D6296DE9DF008DDDCB /* XCRemoteSwiftPackageReference "firebase-ios-sdk" */;
			productName = FirebaseAuth;
		};
		D78AC9E0296EAF94008DDDCB /* FirebaseFirestore */ = {
			isa = XCSwiftPackageProductDependency;
			package = D78AC9D6296DE9DF008DDDCB /* XCRemoteSwiftPackageReference "firebase-ios-sdk" */;
			productName = FirebaseFirestore;
		};
		D78AC9E2296EAF94008DDDCB /* FirebaseFirestoreSwift */ = {
			isa = XCSwiftPackageProductDependency;
			package = D78AC9D6296DE9DF008DDDCB /* XCRemoteSwiftPackageReference "firebase-ios-sdk" */;
			productName = FirebaseFirestoreSwift;
		};
		D78AC9E4296EAF94008DDDCB /* FirebaseStorage */ = {
			isa = XCSwiftPackageProductDependency;
			package = D78AC9D6296DE9DF008DDDCB /* XCRemoteSwiftPackageReference "firebase-ios-sdk" */;
			productName = FirebaseStorage;
		};
/* End XCSwiftPackageProductDependency section */
	};
	rootObject = D78AC99D296DE6EC008DDDCB /* Project object */;
}
